<?xml version="1.0" encoding="utf-8"?>
<Project ToolsVersion="4.0" xmlns="http://schemas.microsoft.com/developer/msbuild/2003">
  <ItemGroup>
    <Filter Include="Source Files">
      <UniqueIdentifier>{4FC737F1-C7A5-4376-A066-2A32D752A2FF}</UniqueIdentifier>
      <Extensions>cpp;c;cc;cxx;def;odl;idl;hpj;bat;asm;asmx</Extensions>
    </Filter>
    <Filter Include="Header Files">
      <UniqueIdentifier>{93995380-89BD-4b04-88EB-625FBE52EBFB}</UniqueIdentifier>
      <Extensions>h;hh;hpp;hxx;hm;inl;inc;xsd</Extensions>
    </Filter>
    <Filter Include="Resource Files">
      <UniqueIdentifier>{67DA6AB6-F800-4c08-8B7A-83BB121AAD01}</UniqueIdentifier>
      <Extensions>rc;ico;cur;bmp;dlg;rc2;rct;bin;rgs;gif;jpg;jpeg;jpe;resx;tiff;tif;png;wav;mfcribbon-ms</Extensions>
    </Filter>
    <Filter Include="RenderingGeometry">
      <UniqueIdentifier>{904dd896-2120-43e7-8781-6f0cbc67e57b}</UniqueIdentifier>
    </Filter>
    <Filter Include="Resource Files\shaders">
      <UniqueIdentifier>{4c0fa3b6-5a2b-4837-b12d-43993e5e0392}</UniqueIdentifier>
    </Filter>
    <Filter Include="Texturing">
      <UniqueIdentifier>{88082d00-5cf8-45df-8466-098a3ae6d7ae}</UniqueIdentifier>
    </Filter>
    <Filter Include="Lighting">
      <UniqueIdentifier>{1ee4c970-6bf6-4994-99ea-d5095854179d}</UniqueIdentifier>
    </Filter>
    <Filter Include="Advanced Textures">
      <UniqueIdentifier>{2e645fdb-1952-4db8-903f-40a173533986}</UniqueIdentifier>
    </Filter>
    <Filter Include="Quaternions">
      <UniqueIdentifier>{4e83ce35-b968-4a78-9825-af83fe5651fc}</UniqueIdentifier>
    </Filter>
    <Filter Include="Animation">
      <UniqueIdentifier>{4011037a-dea7-47e9-acbf-ec14fb6d9733}</UniqueIdentifier>
    </Filter>
    <Filter Include="Particles">
      <UniqueIdentifier>{85f13674-b1ae-42fd-b983-6b4b0c5cefa6}</UniqueIdentifier>
    </Filter>
    <Filter Include="GPUParticles">
      <UniqueIdentifier>{880ac519-4855-4fca-8cdf-a500df51f10f}</UniqueIdentifier>
    </Filter>
    <Filter Include="Cameras">
      <UniqueIdentifier>{41f1086c-9f0f-4bff-b47b-d58d073c0d0b}</UniqueIdentifier>
    </Filter>
    <Filter Include="BoundingVolumes">
      <UniqueIdentifier>{3f325c02-a041-4ad9-86a1-b330d5f0f86a}</UniqueIdentifier>
    </Filter>
    <Filter Include="MultiThreading">
      <UniqueIdentifier>{14cd749b-9055-4c12-992a-2f4b4b6150a7}</UniqueIdentifier>
    </Filter>
    <Filter Include="RenderTargets">
      <UniqueIdentifier>{05a6c381-d36e-49d1-b134-1f01b1845a6a}</UniqueIdentifier>
    </Filter>
    <Filter Include="SceneManagement">
      <UniqueIdentifier>{99877574-a16d-4c3c-b835-3b095210edbc}</UniqueIdentifier>
    </Filter>
    <Filter Include="PostProcess">
      <UniqueIdentifier>{4177ecdc-35c7-4fba-b245-4a249b5d08fc}</UniqueIdentifier>
    </Filter>
    <Filter Include="Shadows">
      <UniqueIdentifier>{1a539730-3376-4f6e-b425-e295f7322ae6}</UniqueIdentifier>
    </Filter>
    <Filter Include="Deferred">
      <UniqueIdentifier>{fe8f8095-c633-4521-ac1b-8874bfbfe977}</UniqueIdentifier>
    </Filter>
    <Filter Include="ProceduralGeneration">
      <UniqueIdentifier>{813beaed-20c0-45b9-8c77-25da0c4843ae}</UniqueIdentifier>
    </Filter>
    <Filter Include="PerlinNoise">
      <UniqueIdentifier>{19e5f0ee-cf90-4da3-acb3-dbdb95f7b40e}</UniqueIdentifier>
    </Filter>
    <Filter Include="AdvancedNavigation">
      <UniqueIdentifier>{fa1e2c3b-2a41-4f3f-8d01-53c1887d4cd9}</UniqueIdentifier>
    </Filter>
    <Filter Include="PBR">
      <UniqueIdentifier>{49b0f568-813c-4e41-91c9-ac7ed9771392}</UniqueIdentifier>
    </Filter>
  </ItemGroup>
  <ItemGroup>
    <ClInclude Include="src\gl_core_4_4.h">
      <Filter>Header Files</Filter>
    </ClInclude>
    <ClInclude Include="src\Gizmos.h">
      <Filter>Header Files</Filter>
    </ClInclude>
    <ClInclude Include="src\Application.h">
      <Filter>Header Files</Filter>
    </ClInclude>
    <ClInclude Include="src\IntroToOpenGl.h">
      <Filter>Header Files</Filter>
    </ClInclude>
    <ClInclude Include="src\Camera.h">
      <Filter>Cameras</Filter>
    </ClInclude>
    <ClInclude Include="src\RenderingGeometry.h">
      <Filter>RenderingGeometry</Filter>
    </ClInclude>
    <ClInclude Include="src\glm_header.h">
      <Filter>Header Files</Filter>
    </ClInclude>
    <ClInclude Include="src\Vertex.h">
      <Filter>RenderingGeometry</Filter>
    </ClInclude>
    <ClInclude Include="src\Utility.h">
      <Filter>Header Files</Filter>
    </ClInclude>
    <ClInclude Include="src\stb_image.h">
      <Filter>Header Files</Filter>
    </ClInclude>
    <ClInclude Include="src\Texturing.h">
      <Filter>Texturing</Filter>
    </ClInclude>
    <ClInclude Include="src\Lighting.h">
      <Filter>Lighting</Filter>
    </ClInclude>
    <ClInclude Include="src\tiny_obj_loader.h">
      <Filter>Header Files</Filter>
    </ClInclude>
    <ClInclude Include="src\AdvancedTextures.h">
      <Filter>Advanced Textures</Filter>
    </ClInclude>
    <ClInclude Include="src\Quaternions.h">
      <Filter>Quaternions</Filter>
    </ClInclude>
    <ClInclude Include="src\Animation.h">
      <Filter>Animation</Filter>
    </ClInclude>
    <ClInclude Include="deps\FBXLoader\FBXFile.h">
      <Filter>Header Files</Filter>
    </ClInclude>
    <ClInclude Include="src\Particles.h">
      <Filter>Particles</Filter>
    </ClInclude>
    <ClInclude Include="src\Emitter.h">
      <Filter>Particles</Filter>
    </ClInclude>
    <ClInclude Include="src\GPUParticles.h">
      <Filter>GPUParticles</Filter>
    </ClInclude>
    <ClInclude Include="src\GPUEmitter.h">
      <Filter>GPUParticles</Filter>
    </ClInclude>
    <ClInclude Include="src\AABB.h">
      <Filter>BoundingVolumes</Filter>
    </ClInclude>
    <ClInclude Include="src\BoundingSphere.h">
      <Filter>BoundingVolumes</Filter>
    </ClInclude>
    <ClInclude Include="src\BoundingTest.h">
      <Filter>BoundingVolumes</Filter>
    </ClInclude>
    <ClInclude Include="src\MultiThread.h">
      <Filter>MultiThreading</Filter>
    </ClInclude>
    <ClInclude Include="src\RenderTargets.h">
      <Filter>RenderTargets</Filter>
    </ClInclude>
    <ClInclude Include="src\SceneManagement.h">
      <Filter>SceneManagement</Filter>
    </ClInclude>
    <ClInclude Include="src\PostProcess.h">
      <Filter>PostProcess</Filter>
    </ClInclude>
    <ClInclude Include="src\Shadows.h">
      <Filter>Shadows</Filter>
    </ClInclude>
    <ClInclude Include="src\Deferred.h">
      <Filter>Deferred</Filter>
    </ClInclude>
    <ClInclude Include="src\ProceduralGeneration.h">
      <Filter>ProceduralGeneration</Filter>
    </ClInclude>
    <ClInclude Include="src\PerlinNoise.h">
      <Filter>PerlinNoise</Filter>
    </ClInclude>
    <ClInclude Include="src\AdvancedNavigation.h">
      <Filter>AdvancedNavigation</Filter>
    </ClInclude>
    <ClInclude Include="src\PhysicallyBasedRendering.h">
      <Filter>PBR</Filter>
    </ClInclude>
  </ItemGroup>
  <ItemGroup>
    <ClCompile Include="src\gl_core_4_4.c">
      <Filter>Source Files</Filter>
    </ClCompile>
    <ClCompile Include="src\main.cpp">
      <Filter>Source Files</Filter>
    </ClCompile>
    <ClCompile Include="src\Gizmos.cpp">
      <Filter>Source Files</Filter>
    </ClCompile>
    <ClCompile Include="src\Application.cpp">
      <Filter>Source Files</Filter>
    </ClCompile>
    <ClCompile Include="src\IntroToOpenGl.cpp">
      <Filter>Source Files</Filter>
    </ClCompile>
    <ClCompile Include="src\RenderingGeometry.cpp">
      <Filter>RenderingGeometry</Filter>
    </ClCompile>
    <ClCompile Include="src\Ultility.cpp">
      <Filter>Source Files</Filter>
    </ClCompile>
    <ClCompile Include="src\Texturing.cpp">
      <Filter>Texturing</Filter>
    </ClCompile>
    <ClCompile Include="src\Lighting.cpp">
      <Filter>Lighting</Filter>
    </ClCompile>
    <ClCompile Include="src\tiny_obj_loader.cc">
      <Filter>Source Files</Filter>
    </ClCompile>
    <ClCompile Include="src\AdvancedTextures.cpp">
      <Filter>Advanced Textures</Filter>
    </ClCompile>
    <ClCompile Include="src\Quaternions.cpp">
      <Filter>Quaternions</Filter>
    </ClCompile>
    <ClCompile Include="src\Animation.cpp">
      <Filter>Animation</Filter>
    </ClCompile>
    <ClCompile Include="src\Particles.cpp">
      <Filter>Particles</Filter>
    </ClCompile>
    <ClCompile Include="src\Emitter.cpp">
      <Filter>Particles</Filter>
    </ClCompile>
    <ClCompile Include="src\GPUParticles.cpp">
      <Filter>GPUParticles</Filter>
    </ClCompile>
    <ClCompile Include="src\CameraAndProjection.cpp">
      <Filter>Cameras</Filter>
    </ClCompile>
    <ClCompile Include="src\Camera.cpp">
      <Filter>Cameras</Filter>
    </ClCompile>
    <ClCompile Include="src\GPUEmitter.cpp">
      <Filter>GPUParticles</Filter>
    </ClCompile>
    <ClCompile Include="src\AABB.cpp">
      <Filter>BoundingVolumes</Filter>
    </ClCompile>
    <ClCompile Include="src\BoundingSphere.cpp">
      <Filter>BoundingVolumes</Filter>
    </ClCompile>
    <ClCompile Include="src\BoundingTest.cpp">
      <Filter>BoundingVolumes</Filter>
    </ClCompile>
    <ClCompile Include="src\MultiThread.cpp">
      <Filter>MultiThreading</Filter>
    </ClCompile>
    <ClCompile Include="src\RenderTargets.cpp">
      <Filter>RenderTargets</Filter>
    </ClCompile>
    <ClCompile Include="src\SceneManagement.cpp">
      <Filter>SceneManagement</Filter>
    </ClCompile>
    <ClCompile Include="src\PostProcess.cpp">
      <Filter>PostProcess</Filter>
    </ClCompile>
    <ClCompile Include="src\Shadows.cpp">
      <Filter>Shadows</Filter>
    </ClCompile>
    <ClCompile Include="src\Deferred.cpp">
      <Filter>Deferred</Filter>
    </ClCompile>
    <ClCompile Include="src\ProceduralGeneration.cpp">
      <Filter>ProceduralGeneration</Filter>
    </ClCompile>
    <ClCompile Include="src\PerlinNoise.cpp">
      <Filter>PerlinNoise</Filter>
    </ClCompile>
    <ClCompile Include="src\AdvancedNavigation.cpp">
      <Filter>AdvancedNavigation</Filter>
    </ClCompile>
    <ClCompile Include="src\PhysicallyBasedRendering.cpp">
      <Filter>PBR</Filter>
    </ClCompile>
    <ClCompile Include="src\Cache.cpp">
      <Filter>Source Files</Filter>
    </ClCompile>
  </ItemGroup>
  <ItemGroup>
    <None Include="data\shaders\basic_vertex.glsl">
      <Filter>Resource Files\shaders</Filter>
    </None>
    <None Include="data\shaders\basic_fragment.glsl">
      <Filter>Resource Files\shaders</Filter>
    </None>
    <None Include="data\shaders\textured_vertex.glsl">
      <Filter>Resource Files\shaders</Filter>
    </None>
    <None Include="data\shaders\textured_fragment.glsl">
      <Filter>Resource Files\shaders</Filter>
    </None>
    <None Include="data\shaders\lighting_vertex.glsl">
      <Filter>Resource Files\shaders</Filter>
    </None>
    <None Include="data\shaders\lighting_fragment.glsl">
      <Filter>Resource Files\shaders</Filter>
    </None>
    <None Include="data\shaders\normal_mapped_vertex.glsl">
      <Filter>Resource Files\shaders</Filter>
    </None>
    <None Include="data\shaders\normal_mapped_fragment.glsl">
      <Filter>Resource Files\shaders</Filter>
    </None>
    <None Include="data\shaders\skinned_vertex.glsl">
      <Filter>Resource Files\shaders</Filter>
    </None>
    <None Include="data\shaders\skinned_fragment.glsl">
      <Filter>Resource Files\shaders</Filter>
    </None>
    <None Include="data\shaders\particle_vertex.glsl">
      <Filter>Resource Files\shaders</Filter>
    </None>
    <None Include="data\shaders\particle_fragment.glsl">
      <Filter>Resource Files\shaders</Filter>
    </None>
    <None Include="data\shaders\gpu_particle_vert.glsl">
      <Filter>Resource Files\shaders</Filter>
    </None>
    <None Include="data\shaders\gpu_particle_geom.glsl">
      <Filter>Resource Files\shaders</Filter>
    </None>
    <None Include="data\shaders\gpu_particle_frag.glsl">
      <Filter>Resource Files\shaders</Filter>
    </None>
    <None Include="data\shaders\particle_update_vert.glsl">
      <Filter>Resource Files\shaders</Filter>
    </None>
    <None Include="data\shaders\post_vertex.glsl">
      <Filter>Resource Files\shaders</Filter>
    </None>
    <None Include="data\shaders\post_fragment.glsl">
      <Filter>Resource Files\shaders</Filter>
    </None>
    <None Include="data\shaders\diffuse_shadow_vertex.glsl">
      <Filter>Resource Files\shaders</Filter>
    </None>
    <None Include="data\shaders\diffuse_shadow_fragment.glsl">
      <Filter>Resource Files\shaders</Filter>
    </None>
    <None Include="data\shaders\gBuffer_vertex.glsl">
      <Filter>Resource Files\shaders</Filter>
    </None>
    <None Include="data\shaders\gBuffer_fragment.glsl">
      <Filter>Resource Files\shaders</Filter>
    </None>
    <None Include="data\shaders\composite_vertex.glsl">
      <Filter>Resource Files\shaders</Filter>
    </None>
    <None Include="data\shaders\composite_fragment.glsl">
      <Filter>Resource Files\shaders</Filter>
    </None>
    <None Include="data\shaders\directional_light_fragment.glsl">
      <Filter>Resource Files\shaders</Filter>
    </None>
    <None Include="data\shaders\point_light_fragment.glsl">
      <Filter>Resource Files\shaders</Filter>
    </None>
    <None Include="data\shaders\point_light_vertex.glsl">
      <Filter>Resource Files\shaders</Filter>
    </None>
    <None Include="data\shaders\perlin_vertex.glsl">
      <Filter>Resource Files\shaders</Filter>
    </None>
    <None Include="data\shaders\perlin_fragment.glsl">
      <Filter>Resource Files\shaders</Filter>
    </None>
    <None Include="data\shaders\sponza.frag">
      <Filter>Resource Files\shaders</Filter>
    </None>
    <None Include="data\shaders\sponza.vert">
      <Filter>Resource Files\shaders</Filter>
    </None>
    <None Include="data\shaders\navmesh_fragment.glsl">
      <Filter>Resource Files\shaders</Filter>
    </None>
    <None Include="data\shaders\navmesh_vertex.glsl">
      <Filter>Resource Files\shaders</Filter>
    </None>
    <None Include="data\shaders\PBR_vertex.glsl">
      <Filter>Resource Files\shaders</Filter>
    </None>
    <None Include="data\shaders\PBR_fragment.glsl">
      <Filter>Resource Files\shaders</Filter>
    </None>
  </ItemGroup>
</Project>